
Microsoft Visual Studio Solution File, Format Version 12.00
# Visual Studio 15
VisualStudioVersion = 15.0.28010.2016
MinimumVisualStudioVersion = 10.0.40219.1
Project("{00D1A9C2-B5F0-4AF3-8072-F6C62B433612}") = "CoffeeShoutDB", "CoffeeShoutDB\CoffeeShoutDB.sqlproj", "{F67D1864-F5FD-4E5C-9687-32E85FC96893}"
EndProject
Project("{FAE04EC0-301F-11D3-BF4B-00C04F79EFBC}") = "CoffeeShoutApp", "CoffeeShoutApp\CoffeeShoutApp.csproj", "{E50E2BD7-E69B-4EE6-89C0-73ABFEDFB715}"
EndProject
Global
	GlobalSection(SolutionConfigurationPlatforms) = preSolution
		Debug|Any CPU = Debug|Any CPU
		Release|Any CPU = Release|Any CPU
	EndGlobalSection
	GlobalSection(ProjectConfigurationPlatforms) = postSolution
		{F67D1864-F5FD-4E5C-9687-32E85FC96893}.Debug|Any CPU.ActiveCfg = Debug|Any CPU
		{F67D1864-F5FD-4E5C-9687-32E85FC96893}.Debug|Any CPU.Build.0 = Debug|Any CPU
		{F67D1864-F5FD-4E5C-9687-32E85FC96893}.Debug|Any CPU.Deploy.0 = Debug|Any CPU
		{F67D1864-F5FD-4E5C-9687-32E85FC96893}.Release|Any CPU.ActiveCfg = Release|Any CPU
		{F67D1864-F5FD-4E5C-9687-32E85FC96893}.Release|Any CPU.Build.0 = Release|Any CPU
		{F67D1864-F5FD-4E5C-9687-32E85FC96893}.Release|Any CPU.Deploy.0 = Release|Any CPU
		{E50E2BD7-E69B-4EE6-89C0-73ABFEDFB715}.Debug|Any CPU.ActiveCfg = Debug|Any CPU
		{E50E2BD7-E69B-4EE6-89C0-73ABFEDFB715}.Debug|Any CPU.Build.0 = Debug|Any CPU
		{E50E2BD7-E69B-4EE6-89C0-73ABFEDFB715}.Release|Any CPU.ActiveCfg = Release|Any CPU
		{E50E2BD7-E69B-4EE6-89C0-73ABFEDFB715}.Release|Any CPU.Build.0 = Release|Any CPU
	EndGlobalSection
	GlobalSection(SolutionProperties) = preSolution
		HideSolutionNode = FALSE
	EndGlobalSection
	GlobalSection(ExtensibilityGlobals) = postSolution
		SolutionGuid = {1171CD3B-0514-4AA0-B3E9-66433ACDAFE5}
	EndGlobalSection
EndGlobal
